<?xml version="1.0" encoding="utf-8"?>
<Project ToolsVersion="4.0" xmlns="http://schemas.microsoft.com/developer/msbuild/2003">
  <ItemGroup>
    <Filter Include="Translation Files">
      <UniqueIdentifier>{639EADAA-A684-42e4-A9AD-28FC9BCB8F7C}</UniqueIdentifier>
      <Extensions>ts</Extensions>
    </Filter>
    <Filter Include="UI">
      <UniqueIdentifier>{99349809-55BA-4b9d-BF79-8FDBB0286EB3}</UniqueIdentifier>
      <Extensions>ui</Extensions>
    </Filter>
    <Filter Include="Source">
      <UniqueIdentifier>{4FC737F1-C7A5-4376-A066-2A32D752A2FF}</UniqueIdentifier>
      <Extensions>qml;cpp;c;cc;cxx;def;odl;idl;hpj;bat;asm;asmx</Extensions>
    </Filter>
    <Filter Include="Resources">
      <UniqueIdentifier>{67DA6AB6-F800-4c08-8B7A-83BB121AAD01}</UniqueIdentifier>
      <Extensions>qrc;rc;ico;cur;bmp;dlg;rc2;rct;bin;rgs;gif;jpg;jpeg;jpe;resx;tiff;tif;png;wav;mfcribbon-ms</Extensions>
    </Filter>
  </ItemGroup>
  <ItemGroup>
    <QtRcc Include="resources\VectorRenderer.qrc">
      <Filter>Resources</Filter>
    </QtRcc>
    <QtUic Include="ui\MainWindow.ui">
      <Filter>UI</Filter>
    </QtUic>
    <ClCompile Include="src\Application\MainWindow.cpp">
      <Filter>Source</Filter>
    </ClCompile>
  </ItemGroup>
  <ItemGroup>
    <ClCompile Include="src\main.cpp">
      <Filter>Source</Filter>
    </ClCompile>
    <ClCompile Include="src\Application\CanvasWidget.cpp">
      <Filter>Source</Filter>
    </ClCompile>
    <ClCompile Include="src\Renderer\DirectXRenderDevice.cpp">
      <Filter>Source</Filter>
    </ClCompile>
    <ClCompile Include="src\Vector\VectorShape.cpp">
      <Filter>Source</Filter>
    </ClCompile>
    <ClCompile Include="src\Renderer\VectorRenderer.cpp">
      <Filter>Source</Filter>
    </ClCompile>
  </ItemGroup>
  <ItemGroup>
    <QtMoc Include="src\Application\MainWindow.h">
      <Filter>Source</Filter>
    </QtMoc>
    <QtMoc Include="src\Application\CanvasWidget.h">
      <Filter>Source</Filter>
    </QtMoc>
  </ItemGroup>
  <ItemGroup>
    <ClInclude Include="src\Renderer\IRenderDevice.h">
      <Filter>Source</Filter>
    </ClInclude>
    <ClInclude Include="src\Renderer\DirectXRenderDevice.h">
      <Filter>Source</Filter>
    </ClInclude>
    <ClInclude Include="src\Renderer\RendererFactory.h">
      <Filter>Source</Filter>
    </ClInclude>
    <ClInclude Include="src\Vector\VectorShape.h" />
    <ClInclude Include="src\Renderer\VectorRenderer.h" />
  </ItemGroup>
</Project>